
Microsoft Visual Studio Solution File, Format Version 12.00
# Visual Studio 15
VisualStudioVersion = 15.0.28307.168
MinimumVisualStudioVersion = 10.0.40219.1
Project("{FAE04EC0-301F-11D3-BF4B-00C04F79EFBC}") = "MrNomogram3", "MrNomogram3\MrNomogram3.csproj", "{4ADEAF16-3620-41B9-8AF2-029672AFBCD9}"
EndProject
Global
	GlobalSection(SolutionConfigurationPlatforms) = preSolution
		Debug|Any CPU = Debug|Any CPU
		Release|Any CPU = Release|Any CPU
	EndGlobalSection
	GlobalSection(ProjectConfigurationPlatforms) = postSolution
		{4ADEAF16-3620-41B9-8AF2-029672AFBCD9}.Debug|Any CPU.ActiveCfg = Debug|Any CPU
		{4ADEAF16-3620-41B9-8AF2-029672AFBCD9}.Debug|Any CPU.Build.0 = Debug|Any CPU
		{4ADEAF16-3620-41B9-8AF2-029672AFBCD9}.Release|Any CPU.ActiveCfg = Release|Any CPU
		{4ADEAF16-3620-41B9-8AF2-029672AFBCD9}.Release|Any CPU.Build.0 = Release|Any CPU
	EndGlobalSection
	GlobalSection(SolutionProperties) = preSolution
		HideSolutionNode = FALSE
	EndGlobalSection
	GlobalSection(ExtensibilityGlobals) = postSolution
		SolutionGuid = {35E29102-524F-41BE-89B5-5AF5BFBA1207}
	EndGlobalSection
EndGlobal
